Microsoft Visual Studio Solution File, Format Version 12.00
# Visual Studio Version 17
VisualStudioVersion = 17.5.2.0
MinimumVisualStudioVersion = 10.0.40219.1
Project("{FAE04EC0-301F-11D3-BF4B-00C04F79EFBC}") = "ChatbotFAQApi", "ChatbotFAQApi.csproj", "{3F16A9CA-7753-3EEF-E126-24191EAD4EF1}"
EndProject
Global
	GlobalSection(SolutionConfigurationPlatforms) = preSolution
		Debug|Any CPU = Debug|Any CPU
		Release|Any CPU = Release|Any CPU
	EndGlobalSection
	GlobalSection(ProjectConfigurationPlatforms) = postSolution
		{3F16A9CA-7753-3EEF-E126-24191EAD4EF1}.Debug|Any CPU.ActiveCfg = Debug|Any CPU
		{3F16A9CA-7753-3EEF-E126-24191EAD4EF1}.Debug|Any CPU.Build.0 = Debug|Any CPU
		{3F16A9CA-7753-3EEF-E126-24191EAD4EF1}.Release|Any CPU.ActiveCfg = Release|Any CPU
		{3F16A9CA-7753-3EEF-E126-24191EAD4EF1}.Release|Any CPU.Build.0 = Release|Any CPU
	EndGlobalSection
	GlobalSection(SolutionProperties) = preSolution
		HideSolutionNode = FALSE
	EndGlobalSection
	GlobalSection(ExtensibilityGlobals) = postSolution
		SolutionGuid = {FD6D35C8-C490-46B7-8842-50BA82CF571E}
	EndGlobalSection
EndGlobal
